
Microsoft Visual Studio Solution File, Format Version 12.00
# Visual Studio 15
VisualStudioVersion = 15.0.28010.2003
MinimumVisualStudioVersion = 10.0.40219.1
Project("{FAE04EC0-301F-11D3-BF4B-00C04F79EFBC}") = "Stocks", "Stocks\Stocks.csproj", "{8538C32C-6781-4548-BCA5-5F9D43230FB2}"
EndProject
Global
	GlobalSection(SolutionConfigurationPlatforms) = preSolution
		Debug|Any CPU = Debug|Any CPU
		Release|Any CPU = Release|Any CPU
	EndGlobalSection
	GlobalSection(ProjectConfigurationPlatforms) = postSolution
		{8538C32C-6781-4548-BCA5-5F9D43230FB2}.Debug|Any CPU.ActiveCfg = Debug|Any CPU
		{8538C32C-6781-4548-BCA5-5F9D43230FB2}.Debug|Any CPU.Build.0 = Debug|Any CPU
		{8538C32C-6781-4548-BCA5-5F9D43230FB2}.Release|Any CPU.ActiveCfg = Release|Any CPU
		{8538C32C-6781-4548-BCA5-5F9D43230FB2}.Release|Any CPU.Build.0 = Release|Any CPU
	EndGlobalSection
	GlobalSection(SolutionProperties) = preSolution
		HideSolutionNode = FALSE
	EndGlobalSection
	GlobalSection(ExtensibilityGlobals) = postSolution
		SolutionGuid = {2B2D86D1-863A-4224-B37F-44CBBAA7F851}
	EndGlobalSection
EndGlobal
